
Microsoft Visual Studio Solution File, Format Version 12.00
# Visual Studio 15
VisualStudioVersion = 15.0.28010.2019
MinimumVisualStudioVersion = 10.0.40219.1
Project("{FAE04EC0-301F-11D3-BF4B-00C04F79EFBC}") = "qr code", "qr code\qr code.csproj", "{3252D394-F036-43E3-A8EE-5B750B8EEDB8}"
EndProject
Global
	GlobalSection(SolutionConfigurationPlatforms) = preSolution
		Debug|Any CPU = Debug|Any CPU
		Release|Any CPU = Release|Any CPU
	EndGlobalSection
	GlobalSection(ProjectConfigurationPlatforms) = postSolution
		{3252D394-F036-43E3-A8EE-5B750B8EEDB8}.Debug|Any CPU.ActiveCfg = Debug|Any CPU
		{3252D394-F036-43E3-A8EE-5B750B8EEDB8}.Debug|Any CPU.Build.0 = Debug|Any CPU
		{3252D394-F036-43E3-A8EE-5B750B8EEDB8}.Release|Any CPU.ActiveCfg = Release|Any CPU
		{3252D394-F036-43E3-A8EE-5B750B8EEDB8}.Release|Any CPU.Build.0 = Release|Any CPU
	EndGlobalSection
	GlobalSection(SolutionProperties) = preSolution
		HideSolutionNode = FALSE
	EndGlobalSection
	GlobalSection(ExtensibilityGlobals) = postSolution
		SolutionGuid = {A6E56357-2C07-4DF1-BBE0-B50AB138A506}
	EndGlobalSection
EndGlobal
